{
  "version": 4,
  "terraform_version": "1.9.5",
  "serial": 86,
  "lineage": "4ec2e58b-fe02-a2dd-6418-0b8d1465a94b",
  "outputs": {
    "VNET_ID": {
      "value": "/subscriptions/860e5706-a4d0-4c7c-89c9-4bd4aaeee4ad/resourceGroups/tf-aks-networking-rg/providers/Microsoft.Network/virtualNetworks/tf-aks-vnet01",
      "type": "string"
    }
  },
  "resources": [
    {
      "mode": "managed",
      "type": "azurerm_resource_group",
      "name": "tf-aks-rg",
      "provider": "provider[\"registry.terraform.io/hashicorp/azurerm\"]",
      "instances": [
        {
          "schema_version": 0,
          "attributes": {
            "id": "/subscriptions/860e5706-a4d0-4c7c-89c9-4bd4aaeee4ad/resourceGroups/tf-aks-networking-rg",
            "location": "canadacentral",
            "name": "tf-aks-networking-rg",
            "tags": null,
            "timeouts": null
          },
          "sensitive_attributes": [],
          "private": "eyJlMmJmYjczMC1lY2FhLTExZTYtOGY4OC0zNDM2M2JjN2M0YzAiOnsiY3JlYXRlIjo1NDAwMDAwMDAwMDAwLCJkZWxldGUiOjU0MDAwMDAwMDAwMDAsInJlYWQiOjMwMDAwMDAwMDAwMCwidXBkYXRlIjo1NDAwMDAwMDAwMDAwfX0="
        }
      ]
    },
    {
      "module": "module.networking",
      "mode": "managed",
      "type": "azurerm_network_security_group",
      "name": "this",
      "provider": "provider[\"registry.terraform.io/hashicorp/azurerm\"]",
      "instances": [
        {
          "schema_version": 0,
          "attributes": {
            "id": "/subscriptions/860e5706-a4d0-4c7c-89c9-4bd4aaeee4ad/resourceGroups/tf-aks-networking-rg/providers/Microsoft.Network/networkSecurityGroups/AKS-PROD",
            "location": "canadacentral",
            "name": "AKS-PROD",
            "resource_group_name": "tf-aks-networking-rg",
            "security_rule": [],
            "tags": null,
            "timeouts": null
          },
          "sensitive_attributes": [],
          "private": "eyJlMmJmYjczMC1lY2FhLTExZTYtOGY4OC0zNDM2M2JjN2M0YzAiOnsiY3JlYXRlIjoxODAwMDAwMDAwMDAwLCJkZWxldGUiOjE4MDAwMDAwMDAwMDAsInJlYWQiOjMwMDAwMDAwMDAwMCwidXBkYXRlIjoxODAwMDAwMDAwMDAwfX0=",
          "dependencies": [
            "module.networking.azurerm_resource_group.this"
          ]
        }
      ]
    },
    {
      "module": "module.networking",
      "mode": "managed",
      "type": "azurerm_network_security_rule",
      "name": "this",
      "provider": "provider[\"registry.terraform.io/hashicorp/azurerm\"]",
      "instances": [
        {
          "index_key": "DenyInbound-BasicRule",
          "schema_version": 0,
          "attributes": {
            "access": "Deny",
            "description": "",
            "destination_address_prefix": "*",
            "destination_address_prefixes": null,
            "destination_application_security_group_ids": null,
            "destination_port_range": "*",
            "destination_port_ranges": null,
            "direction": "Inbound",
            "id": "/subscriptions/860e5706-a4d0-4c7c-89c9-4bd4aaeee4ad/resourceGroups/tf-aks-networking-rg/providers/Microsoft.Network/networkSecurityGroups/AKS-PROD/securityRules/DenyInbound-BasicRule",
            "name": "DenyInbound-BasicRule",
            "network_security_group_name": "AKS-PROD",
            "priority": 100,
            "protocol": "Tcp",
            "resource_group_name": "tf-aks-networking-rg",
            "source_address_prefix": "*",
            "source_address_prefixes": null,
            "source_application_security_group_ids": null,
            "source_port_range": "*",
            "source_port_ranges": null,
            "timeouts": null
          },
          "sensitive_attributes": [],
          "private": "eyJlMmJmYjczMC1lY2FhLTExZTYtOGY4OC0zNDM2M2JjN2M0YzAiOnsiY3JlYXRlIjoxODAwMDAwMDAwMDAwLCJkZWxldGUiOjE4MDAwMDAwMDAwMDAsInJlYWQiOjMwMDAwMDAwMDAwMCwidXBkYXRlIjoxODAwMDAwMDAwMDAwfX0=",
          "dependencies": [
            "module.networking.azurerm_network_security_group.this",
            "module.networking.azurerm_resource_group.this"
          ]
        },
        {
          "index_key": "DenyOutBound-BasicRule",
          "schema_version": 0,
          "attributes": {
            "access": "Deny",
            "description": "",
            "destination_address_prefix": "*",
            "destination_address_prefixes": null,
            "destination_application_security_group_ids": null,
            "destination_port_range": "*",
            "destination_port_ranges": null,
            "direction": "Outbound",
            "id": "/subscriptions/860e5706-a4d0-4c7c-89c9-4bd4aaeee4ad/resourceGroups/tf-aks-networking-rg/providers/Microsoft.Network/networkSecurityGroups/AKS-PROD/securityRules/DenyOutBound-BasicRule",
            "name": "DenyOutBound-BasicRule",
            "network_security_group_name": "AKS-PROD",
            "priority": 100,
            "protocol": "Tcp",
            "resource_group_name": "tf-aks-networking-rg",
            "source_address_prefix": "*",
            "source_address_prefixes": null,
            "source_application_security_group_ids": null,
            "source_port_range": "*",
            "source_port_ranges": null,
            "timeouts": null
          },
          "sensitive_attributes": [],
          "private": "eyJlMmJmYjczMC1lY2FhLTExZTYtOGY4OC0zNDM2M2JjN2M0YzAiOnsiY3JlYXRlIjoxODAwMDAwMDAwMDAwLCJkZWxldGUiOjE4MDAwMDAwMDAwMDAsInJlYWQiOjMwMDAwMDAwMDAwMCwidXBkYXRlIjoxODAwMDAwMDAwMDAwfX0=",
          "dependencies": [
            "module.networking.azurerm_network_security_group.this",
            "module.networking.azurerm_resource_group.this"
          ]
        }
      ]
    },
    {
      "module": "module.networking",
      "mode": "managed",
      "type": "azurerm_resource_group",
      "name": "this",
      "provider": "provider[\"registry.terraform.io/hashicorp/azurerm\"]",
      "instances": [
        {
          "schema_version": 0,
          "attributes": {
            "id": "/subscriptions/860e5706-a4d0-4c7c-89c9-4bd4aaeee4ad/resourceGroups/tf-aks-networking-rg",
            "location": "canadacentral",
            "name": "tf-aks-networking-rg",
            "tags": null,
            "timeouts": null
          },
          "sensitive_attributes": [],
          "private": "eyJlMmJmYjczMC1lY2FhLTExZTYtOGY4OC0zNDM2M2JjN2M0YzAiOnsiY3JlYXRlIjo1NDAwMDAwMDAwMDAwLCJkZWxldGUiOjU0MDAwMDAwMDAwMDAsInJlYWQiOjMwMDAwMDAwMDAwMCwidXBkYXRlIjo1NDAwMDAwMDAwMDAwfX0="
        }
      ]
    },
    {
      "module": "module.networking",
      "mode": "managed",
      "type": "azurerm_subnet",
      "name": "this",
      "provider": "provider[\"registry.terraform.io/hashicorp/azurerm\"]",
      "instances": [
        {
          "index_key": "prod-aks-subnet01",
          "schema_version": 0,
          "attributes": {
            "address_prefixes": [
              "100.0.0.0/24"
            ],
            "delegation": [],
            "enforce_private_link_endpoint_network_policies": false,
            "enforce_private_link_service_network_policies": false,
            "id": "/subscriptions/860e5706-a4d0-4c7c-89c9-4bd4aaeee4ad/resourceGroups/tf-aks-networking-rg/providers/Microsoft.Network/virtualNetworks/tf-aks-vnet01/subnets/prod-aks-subnet01",
            "name": "prod-aks-subnet01",
            "resource_group_name": "tf-aks-networking-rg",
            "service_endpoint_policy_ids": null,
            "service_endpoints": null,
            "timeouts": null,
            "virtual_network_name": "tf-aks-vnet01"
          },
          "sensitive_attributes": [],
          "private": "eyJlMmJmYjczMC1lY2FhLTExZTYtOGY4OC0zNDM2M2JjN2M0YzAiOnsiY3JlYXRlIjoxODAwMDAwMDAwMDAwLCJkZWxldGUiOjE4MDAwMDAwMDAwMDAsInJlYWQiOjMwMDAwMDAwMDAwMCwidXBkYXRlIjoxODAwMDAwMDAwMDAwfX0=",
          "dependencies": [
            "module.networking.azurerm_resource_group.this",
            "module.networking.azurerm_virtual_network.this"
          ]
        },
        {
          "index_key": "prod-user-subnet01",
          "schema_version": 0,
          "attributes": {
            "address_prefixes": [
              "100.1.0.0/24"
            ],
            "delegation": [],
            "enforce_private_link_endpoint_network_policies": false,
            "enforce_private_link_service_network_policies": false,
            "id": "/subscriptions/860e5706-a4d0-4c7c-89c9-4bd4aaeee4ad/resourceGroups/tf-aks-networking-rg/providers/Microsoft.Network/virtualNetworks/tf-aks-vnet01/subnets/prod-user-subnet01",
            "name": "prod-user-subnet01",
            "resource_group_name": "tf-aks-networking-rg",
            "service_endpoint_policy_ids": null,
            "service_endpoints": null,
            "timeouts": null,
            "virtual_network_name": "tf-aks-vnet01"
          },
          "sensitive_attributes": [],
          "private": "eyJlMmJmYjczMC1lY2FhLTExZTYtOGY4OC0zNDM2M2JjN2M0YzAiOnsiY3JlYXRlIjoxODAwMDAwMDAwMDAwLCJkZWxldGUiOjE4MDAwMDAwMDAwMDAsInJlYWQiOjMwMDAwMDAwMDAwMCwidXBkYXRlIjoxODAwMDAwMDAwMDAwfX0=",
          "dependencies": [
            "module.networking.azurerm_resource_group.this",
            "module.networking.azurerm_virtual_network.this"
          ]
        }
      ]
    },
    {
      "module": "module.networking",
      "mode": "managed",
      "type": "azurerm_subnet_network_security_group_association",
      "name": "this",
      "provider": "provider[\"registry.terraform.io/hashicorp/azurerm\"]",
      "instances": [
        {
          "index_key": "prod-aks-subnet01",
          "schema_version": 0,
          "attributes": {
            "id": "/subscriptions/860e5706-a4d0-4c7c-89c9-4bd4aaeee4ad/resourceGroups/tf-aks-networking-rg/providers/Microsoft.Network/virtualNetworks/tf-aks-vnet01/subnets/prod-aks-subnet01",
            "network_security_group_id": "/subscriptions/860e5706-a4d0-4c7c-89c9-4bd4aaeee4ad/resourceGroups/tf-aks-networking-rg/providers/Microsoft.Network/networkSecurityGroups/AKS-PROD",
            "subnet_id": "/subscriptions/860e5706-a4d0-4c7c-89c9-4bd4aaeee4ad/resourceGroups/tf-aks-networking-rg/providers/Microsoft.Network/virtualNetworks/tf-aks-vnet01/subnets/prod-aks-subnet01",
            "timeouts": null
          },
          "sensitive_attributes": [],
          "private": "eyJlMmJmYjczMC1lY2FhLTExZTYtOGY4OC0zNDM2M2JjN2M0YzAiOnsiY3JlYXRlIjoxODAwMDAwMDAwMDAwLCJkZWxldGUiOjE4MDAwMDAwMDAwMDAsInJlYWQiOjMwMDAwMDAwMDAwMCwidXBkYXRlIjoxODAwMDAwMDAwMDAwfX0=",
          "dependencies": [
            "module.networking.azurerm_network_security_group.this",
            "module.networking.azurerm_resource_group.this",
            "module.networking.azurerm_subnet.this",
            "module.networking.azurerm_virtual_network.this"
          ]
        },
        {
          "index_key": "prod-user-subnet01",
          "schema_version": 0,
          "attributes": {
            "id": "/subscriptions/860e5706-a4d0-4c7c-89c9-4bd4aaeee4ad/resourceGroups/tf-aks-networking-rg/providers/Microsoft.Network/virtualNetworks/tf-aks-vnet01/subnets/prod-user-subnet01",
            "network_security_group_id": "/subscriptions/860e5706-a4d0-4c7c-89c9-4bd4aaeee4ad/resourceGroups/tf-aks-networking-rg/providers/Microsoft.Network/networkSecurityGroups/AKS-PROD",
            "subnet_id": "/subscriptions/860e5706-a4d0-4c7c-89c9-4bd4aaeee4ad/resourceGroups/tf-aks-networking-rg/providers/Microsoft.Network/virtualNetworks/tf-aks-vnet01/subnets/prod-user-subnet01",
            "timeouts": null
          },
          "sensitive_attributes": [],
          "private": "eyJlMmJmYjczMC1lY2FhLTExZTYtOGY4OC0zNDM2M2JjN2M0YzAiOnsiY3JlYXRlIjoxODAwMDAwMDAwMDAwLCJkZWxldGUiOjE4MDAwMDAwMDAwMDAsInJlYWQiOjMwMDAwMDAwMDAwMCwidXBkYXRlIjoxODAwMDAwMDAwMDAwfX0=",
          "dependencies": [
            "module.networking.azurerm_network_security_group.this",
            "module.networking.azurerm_resource_group.this",
            "module.networking.azurerm_subnet.this",
            "module.networking.azurerm_virtual_network.this"
          ]
        }
      ]
    },
    {
      "module": "module.networking",
      "mode": "managed",
      "type": "azurerm_virtual_network",
      "name": "this",
      "provider": "provider[\"registry.terraform.io/hashicorp/azurerm\"]",
      "instances": [
        {
          "schema_version": 0,
          "attributes": {
            "address_space": [
              "100.0.0.0/8"
            ],
            "bgp_community": "",
            "ddos_protection_plan": [],
            "dns_servers": [],
            "edge_zone": "",
            "flow_timeout_in_minutes": 0,
            "guid": "7089125f-e249-4d4f-8f6c-0f97d18307d9",
            "id": "/subscriptions/860e5706-a4d0-4c7c-89c9-4bd4aaeee4ad/resourceGroups/tf-aks-networking-rg/providers/Microsoft.Network/virtualNetworks/tf-aks-vnet01",
            "location": "canadacentral",
            "name": "tf-aks-vnet01",
            "resource_group_name": "tf-aks-networking-rg",
            "subnet": [],
            "tags": {
              "appName": "testApp",
              "environment": "dev",
              "orchestrator": "terraform"
            },
            "timeouts": null
          },
          "sensitive_attributes": [],
          "private": "eyJlMmJmYjczMC1lY2FhLTExZTYtOGY4OC0zNDM2M2JjN2M0YzAiOnsiY3JlYXRlIjoxODAwMDAwMDAwMDAwLCJkZWxldGUiOjE4MDAwMDAwMDAwMDAsInJlYWQiOjMwMDAwMDAwMDAwMCwidXBkYXRlIjoxODAwMDAwMDAwMDAwfX0=",
          "dependencies": [
            "module.networking.azurerm_resource_group.this"
          ]
        }
      ]
    }
  ],
  "check_results": null
}
